
Microsoft Visual Studio Solution File, Format Version 12.00
Project("{FAE04EC0-301F-11D3-BF4B-00C04F79EFBC}") = "Server", "Server\Server.csproj", "{56F48535-C13D-411E-9913-F7057F59A609}"
EndProject
Project("{FAE04EC0-301F-11D3-BF4B-00C04F79EFBC}") = "Common", "Common\Common.csproj", "{552C5AE1-9F72-4F46-8DB1-D6FB94331BAE}"
EndProject
Project("{FAE04EC0-301F-11D3-BF4B-00C04F79EFBC}") = "Game", "Game\Game.csproj", "{854492CE-A1B9-4DD3-9F90-D54F7CF5D4B9}"
EndProject
Project("{FAE04EC0-301F-11D3-BF4B-00C04F79EFBC}") = "TestProject1", "TestProject1\TestProject1.csproj", "{BE7F34DA-0B01-4DE5-8FA9-70CB4032424C}"
EndProject
Global
	GlobalSection(SolutionConfigurationPlatforms) = preSolution
		Debug|Any CPU = Debug|Any CPU
		Release|Any CPU = Release|Any CPU
	EndGlobalSection
	GlobalSection(ProjectConfigurationPlatforms) = postSolution
		{56F48535-C13D-411E-9913-F7057F59A609}.Debug|Any CPU.ActiveCfg = Debug|Any CPU
		{56F48535-C13D-411E-9913-F7057F59A609}.Debug|Any CPU.Build.0 = Debug|Any CPU
		{56F48535-C13D-411E-9913-F7057F59A609}.Release|Any CPU.ActiveCfg = Release|Any CPU
		{56F48535-C13D-411E-9913-F7057F59A609}.Release|Any CPU.Build.0 = Release|Any CPU
		{552C5AE1-9F72-4F46-8DB1-D6FB94331BAE}.Debug|Any CPU.ActiveCfg = Debug|Any CPU
		{552C5AE1-9F72-4F46-8DB1-D6FB94331BAE}.Debug|Any CPU.Build.0 = Debug|Any CPU
		{552C5AE1-9F72-4F46-8DB1-D6FB94331BAE}.Release|Any CPU.ActiveCfg = Release|Any CPU
		{552C5AE1-9F72-4F46-8DB1-D6FB94331BAE}.Release|Any CPU.Build.0 = Release|Any CPU
		{854492CE-A1B9-4DD3-9F90-D54F7CF5D4B9}.Debug|Any CPU.ActiveCfg = Debug|Any CPU
		{854492CE-A1B9-4DD3-9F90-D54F7CF5D4B9}.Debug|Any CPU.Build.0 = Debug|Any CPU
		{854492CE-A1B9-4DD3-9F90-D54F7CF5D4B9}.Release|Any CPU.ActiveCfg = Release|Any CPU
		{854492CE-A1B9-4DD3-9F90-D54F7CF5D4B9}.Release|Any CPU.Build.0 = Release|Any CPU
		{BE7F34DA-0B01-4DE5-8FA9-70CB4032424C}.Debug|Any CPU.ActiveCfg = Debug|Any CPU
		{BE7F34DA-0B01-4DE5-8FA9-70CB4032424C}.Debug|Any CPU.Build.0 = Debug|Any CPU
		{BE7F34DA-0B01-4DE5-8FA9-70CB4032424C}.Release|Any CPU.ActiveCfg = Release|Any CPU
		{BE7F34DA-0B01-4DE5-8FA9-70CB4032424C}.Release|Any CPU.Build.0 = Release|Any CPU
	EndGlobalSection
EndGlobal
